// !$*UTF8*$!
{
	archiveVersion = 1;
	classes = {
	};
	objectVersion = 46;
	objects = {
		D7BA7D76DAB5DD13389D6332 = {
			buildActionMask = 2147483647;
			files = (
				);
			generatedFileNames = (
				);
			isa = PBXShellScriptBuildPhase;
			name = "Qt Qmake";
			neededFileNames = (
				);
			shellPath = "/bin/sh";
			shellScript = "make\ -C\ /Users/admin/projects/gav/gavqt\ -f\ \'gavqt.xcodeproj/qt_makeqmake.mak\'";
		};
		0B6E8712336A5FFC6CCDA527 = {
			isa = PBXFileReference;
			name = "Alignment.cpp";
			path = "src/Alignment.cpp";
			refType = 4;
			sourceTree = "SOURCE_ROOT";
			lastKnownFileType = "sourcecode.cpp.cpp";
		};
		D417047C0B26BAE1F83EF021 = {
			fileRef = "0B6E8712336A5FFC6CCDA527";
			isa = PBXBuildFile;
			settings = {
				ATTRIBUTES = (
					);
			};
		};
		CAE6B47B3FD90F33EC02F522 = {
			isa = PBXFileReference;
			name = "AlignmentView.cpp";
			path = "src/AlignmentView.cpp";
			refType = 4;
			sourceTree = "SOURCE_ROOT";
			lastKnownFileType = "sourcecode.cpp.cpp";
		};
		9A7AA14C773C73EF6E583522 = {
			fileRef = "CAE6B47B3FD90F33EC02F522";
			isa = PBXBuildFile;
			settings = {
				ATTRIBUTES = (
					);
			};
		};
		03011A6725A319F7210C27ED = {
			isa = PBXFileReference;
			name = "AnnotationView.cpp";
			path = "src/AnnotationView.cpp";
			refType = 4;
			sourceTree = "SOURCE_ROOT";
			lastKnownFileType = "sourcecode.cpp.cpp";
		};
		DAB9FF73B5D8659B2B185236 = {
			fileRef = "03011A6725A319F7210C27ED";
			isa = PBXBuildFile;
			settings = {
				ATTRIBUTES = (
					);
			};
		};
		F074C51B841F45C0A86DB4B9 = {
			isa = PBXFileReference;
			name = "BlockStatusBar.cpp";
			path = "src/BlockStatusBar.cpp";
			refType = 4;
			sourceTree = "SOURCE_ROOT";
			lastKnownFileType = "sourcecode.cpp.cpp";
		};
		662A854720A025575EAC55C2 = {
			fileRef = "F074C51B841F45C0A86DB4B9";
			isa = PBXBuildFile;
			settings = {
				ATTRIBUTES = (
					);
			};
		};
		648E2B008D54E869966D8C99 = {
			isa = PBXFileReference;
			name = "BlockView.cpp";
			path = "src/BlockView.cpp";
			refType = 4;
			sourceTree = "SOURCE_ROOT";
			lastKnownFileType = "sourcecode.cpp.cpp";
		};
		38F0708DEB975B7094E84FB0 = {
			fileRef = "648E2B008D54E869966D8C99";
			isa = PBXBuildFile;
			settings = {
				ATTRIBUTES = (
					);
			};
		};
		D428483BE730F3EC223EBD5B = {
			isa = PBXFileReference;
			name = "BlockViewMain.cpp";
			path = "src/BlockViewMain.cpp";
			refType = 4;
			sourceTree = "SOURCE_ROOT";
			lastKnownFileType = "sourcecode.cpp.cpp";
		};
		C2A1B1DF0D4C4881BC742E26 = {
			fileRef = "D428483BE730F3EC223EBD5B";
			isa = PBXBuildFile;
			settings = {
				ATTRIBUTES = (
					);
			};
		};
		BA266F4509F06B6A45B8581B = {
			isa = PBXFileReference;
			name = "BlockViewMap.cpp";
			path = "src/BlockViewMap.cpp";
			refType = 4;
			sourceTree = "SOURCE_ROOT";
			lastKnownFileType = "sourcecode.cpp.cpp";
		};
		7BF526E7289F7BF5D8B3E025 = {
			fileRef = "BA266F4509F06B6A45B8581B";
			isa = PBXBuildFile;
			settings = {
				ATTRIBUTES = (
					);
			};
		};
		4BF4A519782B0C1015AEEC2F = {
			isa = PBXFileReference;
			name = "DrawingArea.cpp";
			path = "src/DrawingArea.cpp";
			refType = 4;
			sourceTree = "SOURCE_ROOT";
			lastKnownFileType = "sourcecode.cpp.cpp";
		};
		6F4C34FF90D3F503D71C7302 = {
			fileRef = "4BF4A519782B0C1015AEEC2F";
			isa = PBXBuildFile;
			settings = {
				ATTRIBUTES = (
					);
			};
		};
		174DA8910911D8A70ABFD1EF = {
			isa = PBXFileReference;
			name = "FilterControl.cpp";
			path = "src/FilterControl.cpp";
			refType = 4;
			sourceTree = "SOURCE_ROOT";
			lastKnownFileType = "sourcecode.cpp.cpp";
		};
		C02C3BA22DA051F1464D9829 = {
			fileRef = "174DA8910911D8A70ABFD1EF";
			isa = PBXBuildFile;
			settings = {
				ATTRIBUTES = (
					);
			};
		};
		DB5375ADBC742D44DAD1EC33 = {
			isa = PBXFileReference;
			name = "LcbView.cpp";
			path = "src/LcbView.cpp";
			refType = 4;
			sourceTree = "SOURCE_ROOT";
			lastKnownFileType = "sourcecode.cpp.cpp";
		};
		77C366004AC4BFC66CF1112B = {
			fileRef = "DB5375ADBC742D44DAD1EC33";
			isa = PBXBuildFile;
			settings = {
				ATTRIBUTES = (
					);
			};
		};
		8AC3E2B885ECD02CEC26067E = {
			isa = PBXFileReference;
			name = "LinkedSplitter.cpp";
			path = "src/LinkedSplitter.cpp";
			refType = 4;
			sourceTree = "SOURCE_ROOT";
			lastKnownFileType = "sourcecode.cpp.cpp";
		};
		4D519BE21AA4F03CC137690F = {
			fileRef = "8AC3E2B885ECD02CEC26067E";
			isa = PBXBuildFile;
			settings = {
				ATTRIBUTES = (
					);
			};
		};
		7EC3C68A81EFFF79B6CA22AC = {
			isa = PBXFileReference;
			name = "main.cpp";
			path = "src/main.cpp";
			refType = 4;
			sourceTree = "SOURCE_ROOT";
			lastKnownFileType = "sourcecode.cpp.cpp";
		};
		FD1638E377D97C82BDB438FB = {
			fileRef = "7EC3C68A81EFFF79B6CA22AC";
			isa = PBXBuildFile;
			settings = {
				ATTRIBUTES = (
					);
			};
		};
		1C0B64226A129D35F02DC004 = {
			isa = PBXFileReference;
			name = "MainWindow.cpp";
			path = "src/MainWindow.cpp";
			refType = 4;
			sourceTree = "SOURCE_ROOT";
			lastKnownFileType = "sourcecode.cpp.cpp";
		};
		AAC1168526D0C37A3F415917 = {
			fileRef = "1C0B64226A129D35F02DC004";
			isa = PBXBuildFile;
			settings = {
				ATTRIBUTES = (
					);
			};
		};
		40F17AB3CAF34540574C04B8 = {
			isa = PBXFileReference;
			name = "NameListView.cpp";
			path = "src/NameListView.cpp";
			refType = 4;
			sourceTree = "SOURCE_ROOT";
			lastKnownFileType = "sourcecode.cpp.cpp";
		};
		F45ADE3D3E74BD8D5CDD5361 = {
			fileRef = "40F17AB3CAF34540574C04B8";
			isa = PBXBuildFile;
			settings = {
				ATTRIBUTES = (
					);
			};
		};
		CEC6EA1E88389C26DA33160F = {
			isa = PBXFileReference;
			name = "OptionButton.cpp";
			path = "src/OptionButton.cpp";
			refType = 4;
			sourceTree = "SOURCE_ROOT";
			lastKnownFileType = "sourcecode.cpp.cpp";
		};
		D80432C931155E231CB1EFE1 = {
			fileRef = "CEC6EA1E88389C26DA33160F";
			isa = PBXBuildFile;
			settings = {
				ATTRIBUTES = (
					);
			};
		};
		585B4B65ECD43F73A7FEB6AA = {
			isa = PBXFileReference;
			name = "OptionPanel.cpp";
			path = "src/OptionPanel.cpp";
			refType = 4;
			sourceTree = "SOURCE_ROOT";
			lastKnownFileType = "sourcecode.cpp.cpp";
		};
		87FFA263002D89FA2E9779EE = {
			fileRef = "585B4B65ECD43F73A7FEB6AA";
			isa = PBXBuildFile;
			settings = {
				ATTRIBUTES = (
					);
			};
		};
		4F8F569C5E2B63C7F1C04787 = {
			isa = PBXFileReference;
			name = "PhylogenyNode.cpp";
			path = "src/PhylogenyNode.cpp";
			refType = 4;
			sourceTree = "SOURCE_ROOT";
			lastKnownFileType = "sourcecode.cpp.cpp";
		};
		E44AC90E497FCEBF9C26A67E = {
			fileRef = "4F8F569C5E2B63C7F1C04787";
			isa = PBXBuildFile;
			settings = {
				ATTRIBUTES = (
					);
			};
		};
		211EA3983CA44AEA94AEC421 = {
			isa = PBXFileReference;
			name = "PhylogenyTree.cpp";
			path = "src/PhylogenyTree.cpp";
			refType = 4;
			sourceTree = "SOURCE_ROOT";
			lastKnownFileType = "sourcecode.cpp.cpp";
		};
		0399E1D3BCC296F8BE10A42E = {
			fileRef = "211EA3983CA44AEA94AEC421";
			isa = PBXBuildFile;
			settings = {
				ATTRIBUTES = (
					);
			};
		};
		B6C669D079FEC70D6949DD1A = {
			isa = PBXFileReference;
			name = "PhylogenyTreeStatusBar.cpp";
			path = "src/PhylogenyTreeStatusBar.cpp";
			refType = 4;
			sourceTree = "SOURCE_ROOT";
			lastKnownFileType = "sourcecode.cpp.cpp";
		};
		1CEF859FED714FBD05C693EF = {
			fileRef = "B6C669D079FEC70D6949DD1A";
			isa = PBXBuildFile;
			settings = {
				ATTRIBUTES = (
					);
			};
		};
		53FB669BC329DECE68820716 = {
			isa = PBXFileReference;
			name = "PhylogenyTreeView.cpp";
			path = "src/PhylogenyTreeView.cpp";
			refType = 4;
			sourceTree = "SOURCE_ROOT";
			lastKnownFileType = "sourcecode.cpp.cpp";
		};
		89BD5F2B21FCF45D77229E5B = {
			fileRef = "53FB669BC329DECE68820716";
			isa = PBXBuildFile;
			settings = {
				ATTRIBUTES = (
					);
			};
		};
		41B1EDCD0A503462421B324C = {
			isa = PBXFileReference;
			name = "PhylogenyTreeViewMain.cpp";
			path = "src/PhylogenyTreeViewMain.cpp";
			refType = 4;
			sourceTree = "SOURCE_ROOT";
			lastKnownFileType = "sourcecode.cpp.cpp";
		};
		36A0B60938986A6564593D73 = {
			fileRef = "41B1EDCD0A503462421B324C";
			isa = PBXBuildFile;
			settings = {
				ATTRIBUTES = (
					);
			};
		};
		6E58A100A32D02EC6FBB989A = {
			isa = PBXFileReference;
			name = "PhylogenyTreeViewMap.cpp";
			path = "src/PhylogenyTreeViewMap.cpp";
			refType = 4;
			sourceTree = "SOURCE_ROOT";
			lastKnownFileType = "sourcecode.cpp.cpp";
		};
		AC03FD481E0407D21D25951B = {
			fileRef = "6E58A100A32D02EC6FBB989A";
			isa = PBXBuildFile;
			settings = {
				ATTRIBUTES = (
					);
			};
		};
		7C9FCD467CF41B5E40DD6673 = {
			isa = PBXFileReference;
			name = "ReferenceView.cpp";
			path = "src/ReferenceView.cpp";
			refType = 4;
			sourceTree = "SOURCE_ROOT";
			lastKnownFileType = "sourcecode.cpp.cpp";
		};
		95869B41E86F210DD19CA6CC = {
			fileRef = "7C9FCD467CF41B5E40DD6673";
			isa = PBXBuildFile;
			settings = {
				ATTRIBUTES = (
					);
			};
		};
		03A112D902680337FC9C986E = {
			isa = PBXFileReference;
			name = "Region.cpp";
			path = "src/Region.cpp";
			refType = 4;
			sourceTree = "SOURCE_ROOT";
			lastKnownFileType = "sourcecode.cpp.cpp";
		};
		4E612B93CB2327E6985EB726 = {
			fileRef = "03A112D902680337FC9C986E";
			isa = PBXBuildFile;
			settings = {
				ATTRIBUTES = (
					);
			};
		};
		27341BB01A540A9DF18D164C = {
			isa = PBXFileReference;
			name = "RegionView.cpp";
			path = "src/RegionView.cpp";
			refType = 4;
			sourceTree = "SOURCE_ROOT";
			lastKnownFileType = "sourcecode.cpp.cpp";
		};
		0C42E810CBAA91A00D038897 = {
			fileRef = "27341BB01A540A9DF18D164C";
			isa = PBXBuildFile;
			settings = {
				ATTRIBUTES = (
					);
			};
		};
		F8C67F396729B39907059208 = {
			isa = PBXFileReference;
			name = "RulerView.cpp";
			path = "src/RulerView.cpp";
			refType = 4;
			sourceTree = "SOURCE_ROOT";
			lastKnownFileType = "sourcecode.cpp.cpp";
		};
		DE180E9BE21FB0A9B73313CF = {
			fileRef = "F8C67F396729B39907059208";
			isa = PBXBuildFile;
			settings = {
				ATTRIBUTES = (
					);
			};
		};
		D018EDE5D9052F63D80E5AA3 = {
			isa = PBXFileReference;
			name = "SnpBuffer.cpp";
			path = "src/SnpBuffer.cpp";
			refType = 4;
			sourceTree = "SOURCE_ROOT";
			lastKnownFileType = "sourcecode.cpp.cpp";
		};
		F52080063FB52ECCB25A20AF = {
			fileRef = "D018EDE5D9052F63D80E5AA3";
			isa = PBXBuildFile;
			settings = {
				ATTRIBUTES = (
					);
			};
		};
		887FBE0FD3601503CE968B9B = {
			isa = PBXFileReference;
			name = "SnpWorker.cpp";
			path = "src/SnpWorker.cpp";
			refType = 4;
			sourceTree = "SOURCE_ROOT";
			lastKnownFileType = "sourcecode.cpp.cpp";
		};
		BB6383642BB586BF4800436E = {
			fileRef = "887FBE0FD3601503CE968B9B";
			isa = PBXBuildFile;
			settings = {
				ATTRIBUTES = (
					);
			};
		};
		A177F2749D7FD410A2C8B979 = {
			isa = PBXFileReference;
			name = "StatusBar.cpp";
			path = "src/StatusBar.cpp";
			refType = 4;
			sourceTree = "SOURCE_ROOT";
			lastKnownFileType = "sourcecode.cpp.cpp";
		};
		F1482501275B98B810778217 = {
			fileRef = "A177F2749D7FD410A2C8B979";
			isa = PBXBuildFile;
			settings = {
				ATTRIBUTES = (
					);
			};
		};
		84BE5B52B4463318BD780A60 = {
			isa = PBXFileReference;
			name = "StatusLabel.cpp";
			path = "src/StatusLabel.cpp";
			refType = 4;
			sourceTree = "SOURCE_ROOT";
			lastKnownFileType = "sourcecode.cpp.cpp";
		};
		9F54640F8F2FD662F1E26092 = {
			fileRef = "84BE5B52B4463318BD780A60";
			isa = PBXBuildFile;
			settings = {
				ATTRIBUTES = (
					);
			};
		};
		006F2D95356F2989D227F237 = {
			isa = PBXFileReference;
			name = "Timer.cpp";
			path = "src/Timer.cpp";
			refType = 4;
			sourceTree = "SOURCE_ROOT";
			lastKnownFileType = "sourcecode.cpp.cpp";
		};
		617B886158A5B0197AC4C8FA = {
			fileRef = "006F2D95356F2989D227F237";
			isa = PBXBuildFile;
			settings = {
				ATTRIBUTES = (
					);
			};
		};
		DE52317D7C394C72498BEDB2 = {
			isa = PBXFileReference;
			name = "Track.cpp";
			path = "src/Track.cpp";
			refType = 4;
			sourceTree = "SOURCE_ROOT";
			lastKnownFileType = "sourcecode.cpp.cpp";
		};
		633F1AB0032B226B2068CA8F = {
			fileRef = "DE52317D7C394C72498BEDB2";
			isa = PBXBuildFile;
			settings = {
				ATTRIBUTES = (
					);
			};
		};
		D567CEA6C1A7D5CE3E0B5287 = {
			isa = PBXFileReference;
			name = "TrackListView.cpp";
			path = "src/TrackListView.cpp";
			refType = 4;
			sourceTree = "SOURCE_ROOT";
			lastKnownFileType = "sourcecode.cpp.cpp";
		};
		C862A0856E85E0AEBFBCC2A4 = {
			fileRef = "D567CEA6C1A7D5CE3E0B5287";
			isa = PBXBuildFile;
			settings = {
				ATTRIBUTES = (
					);
			};
		};
		923C49C395B78ED9425E781F = {
			isa = PBXFileReference;
			name = "TrackView.cpp";
			path = "src/TrackView.cpp";
			refType = 4;
			sourceTree = "SOURCE_ROOT";
			lastKnownFileType = "sourcecode.cpp.cpp";
		};
		EAA080F85FFF50D030E23FED = {
			fileRef = "923C49C395B78ED9425E781F";
			isa = PBXBuildFile;
			settings = {
				ATTRIBUTES = (
					);
			};
		};
		F1C33222ACA5372F3818C1FD = {
			isa = PBXFileReference;
			name = "Tween.cpp";
			path = "src/Tween.cpp";
			refType = 4;
			sourceTree = "SOURCE_ROOT";
			lastKnownFileType = "sourcecode.cpp.cpp";
		};
		33728C49BC04C1A8D6E2FE93 = {
			fileRef = "F1C33222ACA5372F3818C1FD";
			isa = PBXBuildFile;
			settings = {
				ATTRIBUTES = (
					);
			};
		};
		2D6F7FF3FAE31791CCEC0F3E = {
			isa = PBXFileReference;
			name = "moc_AlignmentView.cpp";
			path = "moc_AlignmentView.cpp";
			refType = 4;
			sourceTree = "SOURCE_ROOT";
			lastKnownFileType = "sourcecode.cpp.cpp";
		};
		B7B621DF7C2B868D94578BAC = {
			fileRef = "2D6F7FF3FAE31791CCEC0F3E";
			isa = PBXBuildFile;
			settings = {
				ATTRIBUTES = (
					);
			};
		};
		BC655E424ECBAD91FF9943E1 = {
			isa = PBXFileReference;
			name = "moc_AnnotationView.cpp";
			path = "moc_AnnotationView.cpp";
			refType = 4;
			sourceTree = "SOURCE_ROOT";
			lastKnownFileType = "sourcecode.cpp.cpp";
		};
		73B229A85BEF261EC5307D57 = {
			fileRef = "BC655E424ECBAD91FF9943E1";
			isa = PBXBuildFile;
			settings = {
				ATTRIBUTES = (
					);
			};
		};
		46CDB235D4598A8832D05475 = {
			isa = PBXFileReference;
			name = "moc_BlockView.cpp";
			path = "moc_BlockView.cpp";
			refType = 4;
			sourceTree = "SOURCE_ROOT";
			lastKnownFileType = "sourcecode.cpp.cpp";
		};
		62109457F451642846BCC7D7 = {
			fileRef = "46CDB235D4598A8832D05475";
			isa = PBXBuildFile;
			settings = {
				ATTRIBUTES = (
					);
			};
		};
		2959096237A50DFABBC35FB3 = {
			isa = PBXFileReference;
			name = "moc_BlockViewMain.cpp";
			path = "moc_BlockViewMain.cpp";
			refType = 4;
			sourceTree = "SOURCE_ROOT";
			lastKnownFileType = "sourcecode.cpp.cpp";
		};
		8C6C98B392E7115FB4BB686E = {
			fileRef = "2959096237A50DFABBC35FB3";
			isa = PBXBuildFile;
			settings = {
				ATTRIBUTES = (
					);
			};
		};
		F5B31DC32C211C7BF36A29E4 = {
			isa = PBXFileReference;
			name = "moc_BlockViewMap.cpp";
			path = "moc_BlockViewMap.cpp";
			refType = 4;
			sourceTree = "SOURCE_ROOT";
			lastKnownFileType = "sourcecode.cpp.cpp";
		};
		848DC169EFCCC43F30B37479 = {
			fileRef = "F5B31DC32C211C7BF36A29E4";
			isa = PBXBuildFile;
			settings = {
				ATTRIBUTES = (
					);
			};
		};
		8DFB03097F81CC7B8860B1CE = {
			isa = PBXFileReference;
			name = "moc_DrawingArea.cpp";
			path = "moc_DrawingArea.cpp";
			refType = 4;
			sourceTree = "SOURCE_ROOT";
			lastKnownFileType = "sourcecode.cpp.cpp";
		};
		BE459D6601BE92719F04F7F1 = {
			fileRef = "8DFB03097F81CC7B8860B1CE";
			isa = PBXBuildFile;
			settings = {
				ATTRIBUTES = (
					);
			};
		};
		12AE8D8C3874BA0728DDE170 = {
			isa = PBXFileReference;
			name = "moc_FilterControl.cpp";
			path = "moc_FilterControl.cpp";
			refType = 4;
			sourceTree = "SOURCE_ROOT";
			lastKnownFileType = "sourcecode.cpp.cpp";
		};
		8D376989D16D33EFDCA4C0C9 = {
			fileRef = "12AE8D8C3874BA0728DDE170";
			isa = PBXBuildFile;
			settings = {
				ATTRIBUTES = (
					);
			};
		};
		84C4A215AF29501F46A4CBE7 = {
			isa = PBXFileReference;
			name = "moc_LinkedSplitter.cpp";
			path = "moc_LinkedSplitter.cpp";
			refType = 4;
			sourceTree = "SOURCE_ROOT";
			lastKnownFileType = "sourcecode.cpp.cpp";
		};
		9E0710472392A19E1DB033C6 = {
			fileRef = "84C4A215AF29501F46A4CBE7";
			isa = PBXBuildFile;
			settings = {
				ATTRIBUTES = (
					);
			};
		};
		26827F2FC4DC4FBB23DE8287 = {
			isa = PBXFileReference;
			name = "moc_MainWindow.cpp";
			path = "moc_MainWindow.cpp";
			refType = 4;
			sourceTree = "SOURCE_ROOT";
			lastKnownFileType = "sourcecode.cpp.cpp";
		};
		A4582233947FB7FB159573BB = {
			fileRef = "26827F2FC4DC4FBB23DE8287";
			isa = PBXBuildFile;
			settings = {
				ATTRIBUTES = (
					);
			};
		};
		D1951EE851DA13442D57A8F8 = {
			isa = PBXFileReference;
			name = "moc_NameListView.cpp";
			path = "moc_NameListView.cpp";
			refType = 4;
			sourceTree = "SOURCE_ROOT";
			lastKnownFileType = "sourcecode.cpp.cpp";
		};
		4F7EE0090C4F41EE998E2DCB = {
			fileRef = "D1951EE851DA13442D57A8F8";
			isa = PBXBuildFile;
			settings = {
				ATTRIBUTES = (
					);
			};
		};
		7E5AB58AC1C89A0BC1EC5941 = {
			isa = PBXFileReference;
			name = "moc_OptionButton.cpp";
			path = "moc_OptionButton.cpp";
			refType = 4;
			sourceTree = "SOURCE_ROOT";
			lastKnownFileType = "sourcecode.cpp.cpp";
		};
		EAA1A336DEA6557BDCF4B67B = {
			fileRef = "7E5AB58AC1C89A0BC1EC5941";
			isa = PBXBuildFile;
			settings = {
				ATTRIBUTES = (
					);
			};
		};
		598D80B0106B5CE4E69EC7BD = {
			isa = PBXFileReference;
			name = "moc_OptionPanel.cpp";
			path = "moc_OptionPanel.cpp";
			refType = 4;
			sourceTree = "SOURCE_ROOT";
			lastKnownFileType = "sourcecode.cpp.cpp";
		};
		5A204B3ACEC4A78DF81E817F = {
			fileRef = "598D80B0106B5CE4E69EC7BD";
			isa = PBXBuildFile;
			settings = {
				ATTRIBUTES = (
					);
			};
		};
		C4A2C00A47A38B16E964DB98 = {
			isa = PBXFileReference;
			name = "moc_PhylogenyTreeView.cpp";
			path = "moc_PhylogenyTreeView.cpp";
			refType = 4;
			sourceTree = "SOURCE_ROOT";
			lastKnownFileType = "sourcecode.cpp.cpp";
		};
		A44F44A70101B09B9B651C1C = {
			fileRef = "C4A2C00A47A38B16E964DB98";
			isa = PBXBuildFile;
			settings = {
				ATTRIBUTES = (
					);
			};
		};
		1277DAE514894BD775B6BAB4 = {
			isa = PBXFileReference;
			name = "moc_PhylogenyTreeViewMain.cpp";
			path = "moc_PhylogenyTreeViewMain.cpp";
			refType = 4;
			sourceTree = "SOURCE_ROOT";
			lastKnownFileType = "sourcecode.cpp.cpp";
		};
		9CD9F5C8C13E9C1FED69DF83 = {
			fileRef = "1277DAE514894BD775B6BAB4";
			isa = PBXBuildFile;
			settings = {
				ATTRIBUTES = (
					);
			};
		};
		E67C7E07B01763D0C2EFD23F = {
			isa = PBXFileReference;
			name = "moc_PhylogenyTreeViewMap.cpp";
			path = "moc_PhylogenyTreeViewMap.cpp";
			refType = 4;
			sourceTree = "SOURCE_ROOT";
			lastKnownFileType = "sourcecode.cpp.cpp";
		};
		3E65B50AFFCA7682EBE13AB8 = {
			fileRef = "E67C7E07B01763D0C2EFD23F";
			isa = PBXBuildFile;
			settings = {
				ATTRIBUTES = (
					);
			};
		};
		86207184DD5C5DD4B7A46883 = {
			isa = PBXFileReference;
			name = "moc_RulerView.cpp";
			path = "moc_RulerView.cpp";
			refType = 4;
			sourceTree = "SOURCE_ROOT";
			lastKnownFileType = "sourcecode.cpp.cpp";
		};
		ED2F0D1CAB307ABEE7890700 = {
			fileRef = "86207184DD5C5DD4B7A46883";
			isa = PBXBuildFile;
			settings = {
				ATTRIBUTES = (
					);
			};
		};
		141EEC46D3E810091E6FB2AD = {
			isa = PBXFileReference;
			name = "moc_SnpBuffer.cpp";
			path = "moc_SnpBuffer.cpp";
			refType = 4;
			sourceTree = "SOURCE_ROOT";
			lastKnownFileType = "sourcecode.cpp.cpp";
		};
		E2B61A5A6F37B014F2B4C2F1 = {
			fileRef = "141EEC46D3E810091E6FB2AD";
			isa = PBXBuildFile;
			settings = {
				ATTRIBUTES = (
					);
			};
		};
		A0823B4D52435D4A264AA41A = {
			isa = PBXFileReference;
			name = "moc_SnpWorker.cpp";
			path = "moc_SnpWorker.cpp";
			refType = 4;
			sourceTree = "SOURCE_ROOT";
			lastKnownFileType = "sourcecode.cpp.cpp";
		};
		8C6A813C47123238A9D2D132 = {
			fileRef = "A0823B4D52435D4A264AA41A";
			isa = PBXBuildFile;
			settings = {
				ATTRIBUTES = (
					);
			};
		};
		F1F97722841BBCA83FE10176 = {
			isa = PBXFileReference;
			name = "moc_StatusBar.cpp";
			path = "moc_StatusBar.cpp";
			refType = 4;
			sourceTree = "SOURCE_ROOT";
			lastKnownFileType = "sourcecode.cpp.cpp";
		};
		726A5FFD38F3A7D1D73B9C01 = {
			fileRef = "F1F97722841BBCA83FE10176";
			isa = PBXBuildFile;
			settings = {
				ATTRIBUTES = (
					);
			};
		};
		BCA00AC921A2AB7E78379A3B = {
			isa = PBXFileReference;
			name = "moc_TrackListView.cpp";
			path = "moc_TrackListView.cpp";
			refType = 4;
			sourceTree = "SOURCE_ROOT";
			lastKnownFileType = "sourcecode.cpp.cpp";
		};
		C9B6849400D740FEF4C324CD = {
			fileRef = "BCA00AC921A2AB7E78379A3B";
			isa = PBXBuildFile;
			settings = {
				ATTRIBUTES = (
					);
			};
		};
		390F9BA31CDF0479680DCFD4 = {
			isa = PBXFileReference;
			name = "Alignment.h";
			path = "src/Alignment.h";
			refType = 4;
			sourceTree = "SOURCE_ROOT";
		};
		8C50EB03A4A51AF2237F2540 = {
			isa = PBXFileReference;
			name = "AlignmentView.h";
			path = "src/AlignmentView.h";
			refType = 4;
			sourceTree = "SOURCE_ROOT";
		};
		2A148BFCC039EC39B70F8C22 = {
			isa = PBXFileReference;
			name = "AnnotationView.h";
			path = "src/AnnotationView.h";
			refType = 4;
			sourceTree = "SOURCE_ROOT";
		};
		1349202CB718DD8872CFEF21 = {
			isa = PBXFileReference;
			name = "BlockStatusBar.h";
			path = "src/BlockStatusBar.h";
			refType = 4;
			sourceTree = "SOURCE_ROOT";
		};
		AD3A22E9AC865A1102D90BE8 = {
			isa = PBXFileReference;
			name = "BlockView.h";
			path = "src/BlockView.h";
			refType = 4;
			sourceTree = "SOURCE_ROOT";
		};
		716074F39DC70D34BA771D28 = {
			isa = PBXFileReference;
			name = "BlockViewMain.h";
			path = "src/BlockViewMain.h";
			refType = 4;
			sourceTree = "SOURCE_ROOT";
		};
		5FB116CE8602CF73936782D1 = {
			isa = PBXFileReference;
			name = "BlockViewMap.h";
			path = "src/BlockViewMap.h";
			refType = 4;
			sourceTree = "SOURCE_ROOT";
		};
		483B9ABA73F13DD065351EAF = {
			isa = PBXFileReference;
			name = "DrawingArea.h";
			path = "src/DrawingArea.h";
			refType = 4;
			sourceTree = "SOURCE_ROOT";
		};
		305F69688E97AB4D0C018013 = {
			isa = PBXFileReference;
			name = "FilterControl.h";
			path = "src/FilterControl.h";
			refType = 4;
			sourceTree = "SOURCE_ROOT";
		};
		AF0569FEB7D8870A57A15885 = {
			isa = PBXFileReference;
			name = "LcbView.h";
			path = "src/LcbView.h";
			refType = 4;
			sourceTree = "SOURCE_ROOT";
		};
		A169C8F6305C35F5FF3D6E0D = {
			isa = PBXFileReference;
			name = "LinkedSplitter.h";
			path = "src/LinkedSplitter.h";
			refType = 4;
			sourceTree = "SOURCE_ROOT";
		};
		D807F0DE3110F0AD45593FA7 = {
			isa = PBXFileReference;
			name = "MainWindow.h";
			path = "src/MainWindow.h";
			refType = 4;
			sourceTree = "SOURCE_ROOT";
		};
		A36A7C40E02BC2C1576C6A7A = {
			isa = PBXFileReference;
			name = "NameListView.h";
			path = "src/NameListView.h";
			refType = 4;
			sourceTree = "SOURCE_ROOT";
		};
		15AE3170D93A0CAFDABA7838 = {
			isa = PBXFileReference;
			name = "OptionButton.h";
			path = "src/OptionButton.h";
			refType = 4;
			sourceTree = "SOURCE_ROOT";
		};
		CBB221639B1B19853DC05654 = {
			isa = PBXFileReference;
			name = "OptionPanel.h";
			path = "src/OptionPanel.h";
			refType = 4;
			sourceTree = "SOURCE_ROOT";
		};
		B27C14141537ED70139A0021 = {
			isa = PBXFileReference;
			name = "PhylogenyNode.h";
			path = "src/PhylogenyNode.h";
			refType = 4;
			sourceTree = "SOURCE_ROOT";
		};
		87798B283669CF8DC80FCCFE = {
			isa = PBXFileReference;
			name = "PhylogenyTree.h";
			path = "src/PhylogenyTree.h";
			refType = 4;
			sourceTree = "SOURCE_ROOT";
		};
		A71D9F15284727F319F0DF5F = {
			isa = PBXFileReference;
			name = "PhylogenyTreeStatusBar.h";
			path = "src/PhylogenyTreeStatusBar.h";
			refType = 4;
			sourceTree = "SOURCE_ROOT";
		};
		CD832A482A455EF41CEA324D = {
			isa = PBXFileReference;
			name = "PhylogenyTreeView.h";
			path = "src/PhylogenyTreeView.h";
			refType = 4;
			sourceTree = "SOURCE_ROOT";
		};
		5657E35FECFD38B72E9BFC5B = {
			isa = PBXFileReference;
			name = "PhylogenyTreeViewMain.h";
			path = "src/PhylogenyTreeViewMain.h";
			refType = 4;
			sourceTree = "SOURCE_ROOT";
		};
		29DF961289BABBB5E8F4C45A = {
			isa = PBXFileReference;
			name = "PhylogenyTreeViewMap.h";
			path = "src/PhylogenyTreeViewMap.h";
			refType = 4;
			sourceTree = "SOURCE_ROOT";
		};
		7C485038D46E01ECE49D1A4C = {
			isa = PBXFileReference;
			name = "ReferenceView.h";
			path = "src/ReferenceView.h";
			refType = 4;
			sourceTree = "SOURCE_ROOT";
		};
		6D3C8E6C6A932C9FC1C2D7DA = {
			isa = PBXFileReference;
			name = "Region.h";
			path = "src/Region.h";
			refType = 4;
			sourceTree = "SOURCE_ROOT";
		};
		F4D79CDA4C069EB5BD53F38C = {
			isa = PBXFileReference;
			name = "RegionView.h";
			path = "src/RegionView.h";
			refType = 4;
			sourceTree = "SOURCE_ROOT";
		};
		5AA547B6D801BE88C4C2D2A7 = {
			isa = PBXFileReference;
			name = "RulerView.h";
			path = "src/RulerView.h";
			refType = 4;
			sourceTree = "SOURCE_ROOT";
		};
		CB114C1400D48E7B146F9209 = {
			isa = PBXFileReference;
			name = "SnpBuffer.h";
			path = "src/SnpBuffer.h";
			refType = 4;
			sourceTree = "SOURCE_ROOT";
		};
		9304AB0F0D6E75B66EC2AB75 = {
			isa = PBXFileReference;
			name = "SnpWorker.h";
			path = "src/SnpWorker.h";
			refType = 4;
			sourceTree = "SOURCE_ROOT";
		};
		6F12C469FD43EFDAB7EE3BD3 = {
			isa = PBXFileReference;
			name = "StatusBar.h";
			path = "src/StatusBar.h";
			refType = 4;
			sourceTree = "SOURCE_ROOT";
		};
		EC2C6E246A7BD4EE3A899120 = {
			isa = PBXFileReference;
			name = "StatusLabel.h";
			path = "src/StatusLabel.h";
			refType = 4;
			sourceTree = "SOURCE_ROOT";
		};
		15C9634EFB239F53210FBE05 = {
			isa = PBXFileReference;
			name = "Timer.h";
			path = "src/Timer.h";
			refType = 4;
			sourceTree = "SOURCE_ROOT";
		};
		4ADE7868C240A0B3EC0357B2 = {
			isa = PBXFileReference;
			name = "Track.h";
			path = "src/Track.h";
			refType = 4;
			sourceTree = "SOURCE_ROOT";
		};
		1DF04F102889DEF9EC09171A = {
			isa = PBXFileReference;
			name = "TrackListView.h";
			path = "src/TrackListView.h";
			refType = 4;
			sourceTree = "SOURCE_ROOT";
		};
		124BCE699256B0E8A89106D0 = {
			isa = PBXFileReference;
			name = "TrackView.h";
			path = "src/TrackView.h";
			refType = 4;
			sourceTree = "SOURCE_ROOT";
		};
		60679081824A3B9EEB6BE3AD = {
			isa = PBXFileReference;
			name = "Tween.h";
			path = "src/Tween.h";
			refType = 4;
			sourceTree = "SOURCE_ROOT";
		};
		35FE80CDEB82A311EB44FA47 = {
			isa = PBXFileReference;
			name = "gavqt.pro";
			path = "gavqt.pro";
			refType = 4;
			sourceTree = "SOURCE_ROOT";
		};
		883D7615C4D2DE3FA1218F12 = {
			isa = PBXGroup;
			children = (
				"F4AF6147B42623F6B3284738");
			name = "Headers";
			refType = 4;
			sourceTree = "<Group>";
		};
		F4AF6147B42623F6B3284738 = {
			isa = PBXGroup;
			children = (
				"390F9BA31CDF0479680DCFD4",
				"8C50EB03A4A51AF2237F2540",
				"2A148BFCC039EC39B70F8C22",
				"1349202CB718DD8872CFEF21",
				"AD3A22E9AC865A1102D90BE8",
				"716074F39DC70D34BA771D28",
				"5FB116CE8602CF73936782D1",
				"483B9ABA73F13DD065351EAF",
				"305F69688E97AB4D0C018013",
				"AF0569FEB7D8870A57A15885",
				"A169C8F6305C35F5FF3D6E0D",
				"D807F0DE3110F0AD45593FA7",
				"A36A7C40E02BC2C1576C6A7A",
				"15AE3170D93A0CAFDABA7838",
				"CBB221639B1B19853DC05654",
				"B27C14141537ED70139A0021",
				"87798B283669CF8DC80FCCFE",
				"A71D9F15284727F319F0DF5F",
				"CD832A482A455EF41CEA324D",
				"5657E35FECFD38B72E9BFC5B",
				"29DF961289BABBB5E8F4C45A",
				"7C485038D46E01ECE49D1A4C",
				"6D3C8E6C6A932C9FC1C2D7DA",
				"F4D79CDA4C069EB5BD53F38C",
				"5AA547B6D801BE88C4C2D2A7",
				"CB114C1400D48E7B146F9209",
				"9304AB0F0D6E75B66EC2AB75",
				"6F12C469FD43EFDAB7EE3BD3",
				"EC2C6E246A7BD4EE3A899120",
				"15C9634EFB239F53210FBE05",
				"4ADE7868C240A0B3EC0357B2",
				"1DF04F102889DEF9EC09171A",
				"124BCE699256B0E8A89106D0",
				"60679081824A3B9EEB6BE3AD");
			name = "src";
			refType = 4;
			sourceTree = "<Group>";
		};
		06674E1DE8D3EB6E763DFFDA = {
			isa = PBXGroup;
			children = (
				"0B6E8712336A5FFC6CCDA527",
				"CAE6B47B3FD90F33EC02F522",
				"03011A6725A319F7210C27ED",
				"F074C51B841F45C0A86DB4B9",
				"648E2B008D54E869966D8C99",
				"D428483BE730F3EC223EBD5B",
				"BA266F4509F06B6A45B8581B",
				"4BF4A519782B0C1015AEEC2F",
				"174DA8910911D8A70ABFD1EF",
				"DB5375ADBC742D44DAD1EC33",
				"8AC3E2B885ECD02CEC26067E",
				"7EC3C68A81EFFF79B6CA22AC",
				"1C0B64226A129D35F02DC004",
				"40F17AB3CAF34540574C04B8",
				"CEC6EA1E88389C26DA33160F",
				"585B4B65ECD43F73A7FEB6AA",
				"4F8F569C5E2B63C7F1C04787",
				"211EA3983CA44AEA94AEC421",
				"B6C669D079FEC70D6949DD1A",
				"53FB669BC329DECE68820716",
				"41B1EDCD0A503462421B324C",
				"6E58A100A32D02EC6FBB989A",
				"7C9FCD467CF41B5E40DD6673",
				"03A112D902680337FC9C986E",
				"27341BB01A540A9DF18D164C",
				"F8C67F396729B39907059208",
				"D018EDE5D9052F63D80E5AA3",
				"887FBE0FD3601503CE968B9B",
				"A177F2749D7FD410A2C8B979",
				"84BE5B52B4463318BD780A60",
				"006F2D95356F2989D227F237",
				"DE52317D7C394C72498BEDB2",
				"D567CEA6C1A7D5CE3E0B5287",
				"923C49C395B78ED9425E781F",
				"F1C33222ACA5372F3818C1FD");
			name = "src";
			refType = 4;
			sourceTree = "<Group>";
		};
		FB61758D0F0FDA4BA867C3D5 = {
			isa = PBXGroup;
			children = (
				"06674E1DE8D3EB6E763DFFDA");
			name = "Sources";
			refType = 4;
			sourceTree = "<Group>";
		};
		7CABE3C80E79AD2B307756D2 = {
			isa = PBXGroup;
			children = (
				"35FE80CDEB82A311EB44FA47");
			name = "Sources [qmake]";
			refType = 4;
			sourceTree = "<Group>";
		};
		46E892BBB6BB6952967E0561 = {
			isa = PBXGroup;
			children = (
				"2D6F7FF3FAE31791CCEC0F3E",
				"BC655E424ECBAD91FF9943E1",
				"46CDB235D4598A8832D05475",
				"2959096237A50DFABBC35FB3",
				"F5B31DC32C211C7BF36A29E4",
				"8DFB03097F81CC7B8860B1CE",
				"12AE8D8C3874BA0728DDE170",
				"84C4A215AF29501F46A4CBE7",
				"26827F2FC4DC4FBB23DE8287",
				"D1951EE851DA13442D57A8F8",
				"7E5AB58AC1C89A0BC1EC5941",
				"598D80B0106B5CE4E69EC7BD",
				"C4A2C00A47A38B16E964DB98",
				"1277DAE514894BD775B6BAB4",
				"E67C7E07B01763D0C2EFD23F",
				"86207184DD5C5DD4B7A46883",
				"141EEC46D3E810091E6FB2AD",
				"A0823B4D52435D4A264AA41A",
				"F1F97722841BBCA83FE10176",
				"BCA00AC921A2AB7E78379A3B");
			name = "Temporary Sources";
			refType = 4;
			sourceTree = "<Group>";
		};
		A0A52A2ADF7A1E2A99738674 = {
			buildActionMask = 2147483647;
			files = (
				);
			generatedFileNames = (
				"D417047C0B26BAE1F83EF021",
				"9A7AA14C773C73EF6E583522",
				"DAB9FF73B5D8659B2B185236",
				"662A854720A025575EAC55C2",
				"38F0708DEB975B7094E84FB0",
				"C2A1B1DF0D4C4881BC742E26",
				"7BF526E7289F7BF5D8B3E025",
				"6F4C34FF90D3F503D71C7302",
				"C02C3BA22DA051F1464D9829",
				"77C366004AC4BFC66CF1112B",
				"4D519BE21AA4F03CC137690F",
				"FD1638E377D97C82BDB438FB",
				"AAC1168526D0C37A3F415917",
				"F45ADE3D3E74BD8D5CDD5361",
				"D80432C931155E231CB1EFE1",
				"87FFA263002D89FA2E9779EE",
				"E44AC90E497FCEBF9C26A67E",
				"0399E1D3BCC296F8BE10A42E",
				"1CEF859FED714FBD05C693EF",
				"89BD5F2B21FCF45D77229E5B",
				"36A0B60938986A6564593D73",
				"AC03FD481E0407D21D25951B",
				"95869B41E86F210DD19CA6CC",
				"4E612B93CB2327E6985EB726",
				"0C42E810CBAA91A00D038897",
				"DE180E9BE21FB0A9B73313CF",
				"F52080063FB52ECCB25A20AF",
				"BB6383642BB586BF4800436E",
				"F1482501275B98B810778217",
				"9F54640F8F2FD662F1E26092",
				"617B886158A5B0197AC4C8FA",
				"633F1AB0032B226B2068CA8F",
				"C862A0856E85E0AEBFBCC2A4",
				"EAA080F85FFF50D030E23FED",
				"33728C49BC04C1A8D6E2FE93",
				"B7B621DF7C2B868D94578BAC",
				"73B229A85BEF261EC5307D57",
				"62109457F451642846BCC7D7",
				"8C6C98B392E7115FB4BB686E",
				"848DC169EFCCC43F30B37479",
				"BE459D6601BE92719F04F7F1",
				"8D376989D16D33EFDCA4C0C9",
				"9E0710472392A19E1DB033C6",
				"A4582233947FB7FB159573BB",
				"4F7EE0090C4F41EE998E2DCB",
				"EAA1A336DEA6557BDCF4B67B",
				"5A204B3ACEC4A78DF81E817F",
				"A44F44A70101B09B9B651C1C",
				"9CD9F5C8C13E9C1FED69DF83",
				"3E65B50AFFCA7682EBE13AB8",
				"ED2F0D1CAB307ABEE7890700",
				"E2B61A5A6F37B014F2B4C2F1",
				"8C6A813C47123238A9D2D132",
				"726A5FFD38F3A7D1D73B9C01",
				"C9B6849400D740FEF4C324CD");
			isa = PBXShellScriptBuildPhase;
			name = "Qt Preprocessors";
			neededFileNames = (
				"D417047C0B26BAE1F83EF021",
				"9A7AA14C773C73EF6E583522",
				"DAB9FF73B5D8659B2B185236",
				"662A854720A025575EAC55C2",
				"38F0708DEB975B7094E84FB0",
				"C2A1B1DF0D4C4881BC742E26",
				"7BF526E7289F7BF5D8B3E025",
				"6F4C34FF90D3F503D71C7302",
				"C02C3BA22DA051F1464D9829",
				"77C366004AC4BFC66CF1112B",
				"4D519BE21AA4F03CC137690F",
				"FD1638E377D97C82BDB438FB",
				"AAC1168526D0C37A3F415917",
				"F45ADE3D3E74BD8D5CDD5361",
				"D80432C931155E231CB1EFE1",
				"87FFA263002D89FA2E9779EE",
				"E44AC90E497FCEBF9C26A67E",
				"0399E1D3BCC296F8BE10A42E",
				"1CEF859FED714FBD05C693EF",
				"89BD5F2B21FCF45D77229E5B",
				"36A0B60938986A6564593D73",
				"AC03FD481E0407D21D25951B",
				"95869B41E86F210DD19CA6CC",
				"4E612B93CB2327E6985EB726",
				"0C42E810CBAA91A00D038897",
				"DE180E9BE21FB0A9B73313CF",
				"F52080063FB52ECCB25A20AF",
				"BB6383642BB586BF4800436E",
				"F1482501275B98B810778217",
				"9F54640F8F2FD662F1E26092",
				"617B886158A5B0197AC4C8FA",
				"633F1AB0032B226B2068CA8F",
				"C862A0856E85E0AEBFBCC2A4",
				"EAA080F85FFF50D030E23FED",
				"33728C49BC04C1A8D6E2FE93",
				"B7B621DF7C2B868D94578BAC",
				"73B229A85BEF261EC5307D57",
				"62109457F451642846BCC7D7",
				"8C6C98B392E7115FB4BB686E",
				"848DC169EFCCC43F30B37479",
				"BE459D6601BE92719F04F7F1",
				"8D376989D16D33EFDCA4C0C9",
				"9E0710472392A19E1DB033C6",
				"A4582233947FB7FB159573BB",
				"4F7EE0090C4F41EE998E2DCB",
				"EAA1A336DEA6557BDCF4B67B",
				"5A204B3ACEC4A78DF81E817F",
				"A44F44A70101B09B9B651C1C",
				"9CD9F5C8C13E9C1FED69DF83",
				"3E65B50AFFCA7682EBE13AB8",
				"ED2F0D1CAB307ABEE7890700",
				"E2B61A5A6F37B014F2B4C2F1",
				"8C6A813C47123238A9D2D132",
				"726A5FFD38F3A7D1D73B9C01",
				"C9B6849400D740FEF4C324CD");
			shellPath = "/bin/sh";
			shellScript = "make\ -C\ /Users/admin/projects/gav/gavqt\ -f\ \'gavqt.xcodeproj/qt_preprocess.mak\'";
		};
		C29B8785722055ED95EF7B57 = {
			buildActionMask = 2147483647;
			files = (
				"D417047C0B26BAE1F83EF021",
				"9A7AA14C773C73EF6E583522",
				"DAB9FF73B5D8659B2B185236",
				"662A854720A025575EAC55C2",
				"38F0708DEB975B7094E84FB0",
				"C2A1B1DF0D4C4881BC742E26",
				"7BF526E7289F7BF5D8B3E025",
				"6F4C34FF90D3F503D71C7302",
				"C02C3BA22DA051F1464D9829",
				"77C366004AC4BFC66CF1112B",
				"4D519BE21AA4F03CC137690F",
				"FD1638E377D97C82BDB438FB",
				"AAC1168526D0C37A3F415917",
				"F45ADE3D3E74BD8D5CDD5361",
				"D80432C931155E231CB1EFE1",
				"87FFA263002D89FA2E9779EE",
				"E44AC90E497FCEBF9C26A67E",
				"0399E1D3BCC296F8BE10A42E",
				"1CEF859FED714FBD05C693EF",
				"89BD5F2B21FCF45D77229E5B",
				"36A0B60938986A6564593D73",
				"AC03FD481E0407D21D25951B",
				"95869B41E86F210DD19CA6CC",
				"4E612B93CB2327E6985EB726",
				"0C42E810CBAA91A00D038897",
				"DE180E9BE21FB0A9B73313CF",
				"F52080063FB52ECCB25A20AF",
				"BB6383642BB586BF4800436E",
				"F1482501275B98B810778217",
				"9F54640F8F2FD662F1E26092",
				"617B886158A5B0197AC4C8FA",
				"633F1AB0032B226B2068CA8F",
				"C862A0856E85E0AEBFBCC2A4",
				"EAA080F85FFF50D030E23FED",
				"33728C49BC04C1A8D6E2FE93",
				"B7B621DF7C2B868D94578BAC",
				"73B229A85BEF261EC5307D57",
				"62109457F451642846BCC7D7",
				"8C6C98B392E7115FB4BB686E",
				"848DC169EFCCC43F30B37479",
				"BE459D6601BE92719F04F7F1",
				"8D376989D16D33EFDCA4C0C9",
				"9E0710472392A19E1DB033C6",
				"A4582233947FB7FB159573BB",
				"4F7EE0090C4F41EE998E2DCB",
				"EAA1A336DEA6557BDCF4B67B",
				"5A204B3ACEC4A78DF81E817F",
				"A44F44A70101B09B9B651C1C",
				"9CD9F5C8C13E9C1FED69DF83",
				"3E65B50AFFCA7682EBE13AB8",
				"ED2F0D1CAB307ABEE7890700",
				"E2B61A5A6F37B014F2B4C2F1",
				"8C6A813C47123238A9D2D132",
				"726A5FFD38F3A7D1D73B9C01",
				"C9B6849400D740FEF4C324CD");
			isa = PBXSourcesBuildPhase;
			name = "Build Sources";
		};
		8EE92F8FA333C9E415C5B34E = {
			isa = PBXFrameworkReference;
			name = "QtXml.framework";
			path = "/Library/Frameworks/QtXml.framework";
			refType = 0;
			sourceTree = "<absolute>";
		};
		C2643FEB592DBFD1429BE4E1 = {
			fileRef = "8EE92F8FA333C9E415C5B34E";
			isa = PBXBuildFile;
			settings = {
			};
		};
		7BC2E65A5E699A5E5D834CA2 = {
			isa = PBXFrameworkReference;
			name = "QtCore.framework";
			path = "/Library/Frameworks/QtCore.framework";
			refType = 0;
			sourceTree = "<absolute>";
		};
		069D05B0128AE5DC7EE31738 = {
			fileRef = "7BC2E65A5E699A5E5D834CA2";
			isa = PBXBuildFile;
			settings = {
			};
		};
		9B36DA7E32F0304E780E7972 = {
			isa = PBXFrameworkReference;
			name = "QtGui.framework";
			path = "/Library/Frameworks/QtGui.framework";
			refType = 0;
			sourceTree = "<absolute>";
		};
		501667F26B3C1FF6767A7C12 = {
			fileRef = "9B36DA7E32F0304E780E7972";
			isa = PBXBuildFile;
			settings = {
			};
		};
		ED1E82605DD74B483AF3C982 = {
			children = (
				"8EE92F8FA333C9E415C5B34E",
				"7BC2E65A5E699A5E5D834CA2",
				"9B36DA7E32F0304E780E7972");
			isa = PBXGroup;
			name = "External Frameworks and Libraries";
			path = "";
			refType = 4;
			sourceTree = "<Group>";
		};
		2A1043669E6E5A7426EA502A = {
			buildActionMask = 2147483647;
			files = (
				"C2643FEB592DBFD1429BE4E1",
				"069D05B0128AE5DC7EE31738",
				"501667F26B3C1FF6767A7C12");
			isa = PBXFrameworksBuildPhase;
			name = "Frameworks & Libraries";
		};
		3787F99312C85FF0073FD7BA = {
			buildActionMask = 2147483647;
			files = (
			);
			isa = PBXResourcesBuildPhase;
			name = "Bundle Resources";
		};
		05596AB53D8D521C69802C27 = {
			children = (
				"FB61758D0F0FDA4BA867C3D5",
				"46E892BBB6BB6952967E0561",
				"883D7615C4D2DE3FA1218F12",
				"7CABE3C80E79AD2B307756D2",
				"ED1E82605DD74B483AF3C982");
			isa = PBXGroup;
			name = "gavqt";
			path = "";
			refType = 4;
			sourceTree = "<Group>";
		};
		82EE04458F48147AA20E0972 = {
			isa = PBXFileReference;
			explicitFileType = "wrapper.application";
			path = "gavqt.app";
			refType = 3;
			sourceTree = BUILT_PRODUCTS_DIR;
		};
		068F80C7519D0528FB08E821 = {
			children = (
				"82EE04458F48147AA20E0972");
			isa = PBXGroup;
			name = "Products";
			refType = 4;
		};
		CF4F0477AAC81891F1932068 = {
			buildPhases = (
				"D7BA7D76DAB5DD13389D6332",
				"A0A52A2ADF7A1E2A99738674",
				"C29B8785722055ED95EF7B57",
				"2A1043669E6E5A7426EA502A",
				"3787F99312C85FF0073FD7BA");
			buildSettings = {
				CC = "gcc";
				CPLUSPLUS = "g++";
				LEXFLAGS = "";
				YACCFLAGS = "-d";
				OTHER_REZFLAGS = "";
				SECTORDER_FLAGS = "";
				WARNING_CFLAGS = "";
				PREBINDING = NO;
				INFOPLIST_FILE = "Info.plist";
				BUILD_ROOT = "/Users/admin/projects/gav/gavqt";
				OTHER_LDFLAGS = (
						"-headerpad_max_install_names",
						"-L/Library/Frameworks",
						"-F/Library/Frameworks");
				DYLIB_CURRENT_VERSION = "1.0.0";
				DYLIB_COMPATIBILITY_VERSION = "1.0";
				MACOSX_DEPLOYMENT_TARGET = "10.4";
				PRODUCT_NAME = "gavqt";
			};
			conditionalBuildSettings = {
			};
			dependencies = (
				);
			productReference = "82EE04458F48147AA20E0972";
			shouldUseHeadermap = 1;
			buildConfigurationList = 17B3380A4D6A7D415E7F2E1E;
			isa = PBXNativeTarget;
			productType = "com.apple.product-type.application";
			productSettingsXML = "<?xml version=\"1.0\" encoding=\"UTF-8\"?>
<!DOCTYPE plist SYSTEM \"file://localhost/System/Library/DTDs/PropertyList.dtd\">
<plist version=\"0.9\">
<dict>
	<key>NSPrincipalClass</key>
	<string>NSApplication</string>
	<key>CFBundleIconFile</key>
	<string></string>
	<key>CFBundlePackageType</key>
	<string>APPL</string>
 	<key>CFBundleGetInfoString</key>
	<string>Created by Qt/QMake</string>
	<key>CFBundleSignature</key>
	<string>????</string>
	<key>CFBundleExecutable</key>
	<string>gavqt</string>
	<key>CFBundleIdentifier</key>
	<string>com.yourcompany.gavqt</string>
	<key>NOTE</key>
	<string>This file was generated by Qt/QMake.</string>
</dict>
</plist>
";
			name = "gavqt";
			productName = "gavqt";
			startupPath = "<<ProjectDirectory>>";
		};
		4B72B24813252891014BCF61 = {
			isa = XCBuildConfiguration;
			buildSettings = {
				COPY_PHASE_STRIP = "NO";
				GCC_GENERATE_DEBUGGING_SYMBOLS = "YES";
				GCC_OPTIMIZATION_LEVEL = "0";
				PRODUCT_NAME = "gavqt";
				HEADER_SEARCH_PATHS = (
					"/Library/Frameworks/QtCore.framework/Versions/4/Headers",
					"/usr/include/QtCore",
					"/Library/Frameworks/QtGui.framework/Versions/4/Headers",
					"/usr/include/QtGui",
					"/Library/Frameworks/QtXml.framework/Versions/4/Headers",
					"/usr/include/QtXml",
					"/usr/include",
					".",
					"src",
					".",
					"/usr/local/include",
					"/System/Library/Frameworks/CarbonCore.framework/Headers",
					"/usr/local/Qt4.8/mkspecs/macx-xcode");
				LIBRARY_SEARCH_PATHS = (
					"/Library/Frameworks");
				FRAMEWORK_SEARCH_PATHS = (
					"/Library/Frameworks",
					"/Library/Frameworks");
				INFOPLIST_FILE = "Info.plist";
				OTHER_CFLAGS = (
					"-pipe",
					"-g",
					"-Wall",
					"-W",
					"-DQT_XML_LIB",
					"-DQT_GUI_LIB",
					"-DQT_CORE_LIB",
					"-DQT_SHARED");
				OTHER_CPLUSPLUSFLAGS = (
					"-pipe",
					"-g",
					"-Wall",
					"-W",
					"-DQT_XML_LIB",
					"-DQT_GUI_LIB",
					"-DQT_CORE_LIB",
					"-DQT_SHARED");
				OTHER_LDFLAGS = (
						"-headerpad_max_install_names",
						"-L/Library/Frameworks",
						"-F/Library/Frameworks");
				ARCHS = "x86_64";
			};
			name = "Debug";
		};
		BEC09A62E69C3553534FF35E = {
			isa = XCBuildConfiguration;
			buildSettings = {
				COPY_PHASE_STRIP = "NO";
				GCC_GENERATE_DEBUGGING_SYMBOLS = "YES";
				GCC_OPTIMIZATION_LEVEL = "0";
				PRODUCT_NAME = "gavqt";
				PRODUCT_NAME = "gavqt";
			};
			name = "Debug";
		};
		2C641C3335766025DD51B7BD = {
			buildRules = (
				);
			buildSettings = {
				COPY_PHASE_STRIP = "NO";
				GCC_GENERATE_DEBUGGING_SYMBOLS = "YES";
				GCC_OPTIMIZATION_LEVEL = "0";
				PRODUCT_NAME = "gavqt";
			};
			isa = "PBXBuildStyle";
			name = "Debug";
		};
		D70590BEB531B51029F711BB = {
			isa = XCBuildConfiguration;
			buildSettings = {
				COPY_PHASE_STRIP = "YES";
				GCC_GENERATE_DEBUGGING_SYMBOLS = "NO";
				PRODUCT_NAME = "gavqt";
				HEADER_SEARCH_PATHS = (
					"/Library/Frameworks/QtCore.framework/Versions/4/Headers",
					"/usr/include/QtCore",
					"/Library/Frameworks/QtGui.framework/Versions/4/Headers",
					"/usr/include/QtGui",
					"/Library/Frameworks/QtXml.framework/Versions/4/Headers",
					"/usr/include/QtXml",
					"/usr/include",
					".",
					"src",
					".",
					"/usr/local/include",
					"/System/Library/Frameworks/CarbonCore.framework/Headers",
					"/usr/local/Qt4.8/mkspecs/macx-xcode");
				LIBRARY_SEARCH_PATHS = (
					"/Library/Frameworks");
				FRAMEWORK_SEARCH_PATHS = (
					"/Library/Frameworks",
					"/Library/Frameworks");
				INFOPLIST_FILE = "Info.plist";
				OTHER_CFLAGS = (
					"-pipe",
					"-g",
					"-Wall",
					"-W",
					"-DQT_XML_LIB",
					"-DQT_GUI_LIB",
					"-DQT_CORE_LIB",
					"-DQT_SHARED");
				OTHER_CPLUSPLUSFLAGS = (
					"-pipe",
					"-g",
					"-Wall",
					"-W",
					"-DQT_XML_LIB",
					"-DQT_GUI_LIB",
					"-DQT_CORE_LIB",
					"-DQT_SHARED");
				OTHER_LDFLAGS = (
						"-headerpad_max_install_names",
						"-L/Library/Frameworks",
						"-F/Library/Frameworks");
				ARCHS = "x86_64";
			};
			name = "Release";
		};
		8C7174830A1E4DCBA0332EC1 = {
			isa = XCBuildConfiguration;
			buildSettings = {
				COPY_PHASE_STRIP = "YES";
				GCC_GENERATE_DEBUGGING_SYMBOLS = "NO";
				PRODUCT_NAME = "gavqt";
				PRODUCT_NAME = "gavqt";
			};
			name = "Release";
		};
		26DE8D2AEA4B3714B41E931F = {
			buildRules = (
				);
			buildSettings = {
				COPY_PHASE_STRIP = "YES";
				GCC_GENERATE_DEBUGGING_SYMBOLS = "NO";
				PRODUCT_NAME = "gavqt";
			};
			isa = "PBXBuildStyle";
			name = "Release";
		};
		CC82A9286117DFED018F418F = {
			isa = XCConfigurationList;
			buildConfigurations = (
				"4B72B24813252891014BCF61",
				"D70590BEB531B51029F711BB");
			defaultConfigurationIsVisible = 0;
			defaultConfigurationIsName = "Debug";
		};
		17B3380A4D6A7D415E7F2E1E = {
			isa = XCConfigurationList;
			buildConfigurations = (
				"BEC09A62E69C3553534FF35E",
				"8C7174830A1E4DCBA0332EC1");
			defaultConfigurationIsVisible = 0;
			defaultConfigurationIsName = "Debug";
		};
		91B15E841AA80083484172DE = {
			buildStyles = (
				"2C641C3335766025DD51B7BD",
				"26DE8D2AEA4B3714B41E931F");
			hasScannedForEncodings = 1;
			isa = PBXProject;
			mainGroup = "05596AB53D8D521C69802C27";
			buildConfigurationList = "CC82A9286117DFED018F418F";
			projectDirPath = "";
			targets = (
				"CF4F0477AAC81891F1932068");
		};
	};
	rootObject = "91B15E841AA80083484172DE";
}
